lockfileVersion: '9.0'

settings:
  autoInstallPeers: true
  excludeLinksFromLockfile: false

importers:

  .:
    dependencies:
      '@deepseek-ai/schemastery':
        specifier: ~3.18.4
        version: 3.18.4
    devDependencies:
      '@deepseek-ai/cordis':
        specifier: 4.0.4
        version: 4.0.4
      '@deepseek-ai/dsh-agent':
        specifier: 0.1.7-rc.2
        version: 0.1.7-rc.2(60fa28e8b0153eb1629182d877696c60)
      '@deepseek-ai/dsh-tools':
        specifier: 0.1.7-rc.2
        version: 0.1.7-rc.2(ead59e2384682bf741eae1c9eaa56bcd)
      '@types/node':
        specifier: ^22.20.2
        version: 22.20.2
      typescript:
        specifier: 5.9.3
        version: 5.9.3

packages:

  '@deepseek-ai/cordis@4.0.4':
    resolution: {integrity: sha512-obgyxqWAmFn3Re8kvsuUnyW+ihrz6eJCnJO4fh1cQzDtmPYz/zzVeUkH9R94I0OwSVOocK67Kgakm04j/oQXzg==}
    hasBin: true
    peerDependencies:
      '@deepseek-ai/cordis-plugin-include': ~1.0.9
      '@deepseek-ai/cordis-plugin-loader': ~1.0.5
    peerDependenciesMeta:
      '@deepseek-ai/cordis-plugin-include':
        optional: true
      '@deepseek-ai/cordis-plugin-loader':
        optional: true

  '@deepseek-ai/cosmokit@1.8.5':
    resolution: {integrity: sha512-LXsrlem9z8dq4sLflj2yuCuYX7KqhdzF5hZly3eZyuTo8d6oDSOXuEgC5DbQWKW+lksm6zmOutQLsP/ma6wR6A==}

  '@deepseek-ai/dsh-agent@0.1.7-rc.2':
    resolution: {integrity: sha512-9U/zHZvZqRR5S2FD9fjjAuoMh+WfDan+bE/cLBLSLpqftjZ0FhIlEBK99yonUkNkGemyHiH/lL3jCKYw35ahJA==}
    peerDependencies:
      '@deepseek-ai/cordis': ~4.0.4
      '@deepseek-ai/dsh-invariants': 0.1.7-rc.2
      '@deepseek-ai/dsh-llm': 0.1.7-rc.2
      '@deepseek-ai/dsh-scope': 0.1.7-rc.2
      '@deepseek-ai/dsh-session': 0.1.7-rc.2
      '@deepseek-ai/dsh-session-projection': 0.1.7-rc.2
      '@deepseek-ai/dsh-system-prompt': 0.1.7-rc.2
      '@deepseek-ai/dsh-typert-protocol': 0.1.7-rc.2
      '@deepseek-ai/dsh-util-values': 0.1.7-rc.2
      '@deepseek-ai/dsh-workspace': 0.1.7-rc.2
    peerDependenciesMeta:
      '@deepseek-ai/dsh-workspace':
        optional: true

  '@deepseek-ai/dsh-brand@0.1.7-rc.2':
    resolution: {integrity: sha512-cvcvlNRuiFqZNNqyxdu7wcpiBjd9xa/0MpuhRvee43zBp9uED2p5JolZr5/2EKJf57gYx9k9bedb+Zbyiqnpkw==}
    peerDependencies:
      '@deepseek-ai/cordis': ~4.0.4

  '@deepseek-ai/dsh-invariants@0.1.7-rc.2':
    resolution: {integrity: sha512-GY2lY2TUUH2Qk1ZnrB3Q5+lXSh4webn1kbt5nQfhojVmNbist/f3dJC8JJa7XXOUNvqAgqRN9IZ4egbDZ9LLxQ==}
    peerDependencies:
      '@deepseek-ai/cordis': ~4.0.4

  '@deepseek-ai/dsh-llm@0.1.7-rc.2':
    resolution: {integrity: sha512-hNT3ovFnbNDQ8g544bh2Q9ORX40aI6Y+jhjer1lETeHS4g0jTjqUUVfARCTA7uAFvHucSBg2rFgbisIktmJCxw==}
    peerDependencies:
      '@deepseek-ai/cordis': ~4.0.4

  '@deepseek-ai/dsh-ptc-runtime@0.1.7-rc.2':
    resolution: {integrity: sha512-zRFwSSUgTpKuFQTVwnuNO4067Gyi//4C4RRLaUntXaHkZv3z1S07f1fTaYwX4+ubIIAuAVeEsczxf6tPgZ8P5g==}
    peerDependencies:
      '@deepseek-ai/cordis': ~4.0.4
      '@deepseek-ai/dsh-sandbox': 0.1.7-rc.2

  '@deepseek-ai/dsh-sandbox-policy@0.1.7-rc.2':
    resolution: {integrity: sha512-pIhCaOEqYjNoKy/c7dYYgYzK+zp8/FxnEeaBA5e6fTmNROb+/qSFsC4hY3Qu+PVU9IdbH/4fa6TbT2jnqoDPQw==}
    peerDependencies:
      '@deepseek-ai/cordis': ~4.0.4
      '@deepseek-ai/dsh-agent': 0.1.7-rc.2
      '@deepseek-ai/dsh-invariants': 0.1.7-rc.2
      '@deepseek-ai/dsh-sandbox': 0.1.7-rc.2
      '@deepseek-ai/dsh-session': 0.1.7-rc.2
      '@deepseek-ai/dsh-session-projection': 0.1.7-rc.2
      '@deepseek-ai/dsh-system-prompt': 0.1.7-rc.2

  '@deepseek-ai/dsh-sandbox@0.1.7-rc.2':
    resolution: {integrity: sha512-7aP893mtTvnuZfCKD6hUN5gYchi6Wogn4W3mg/rGMvogmhbWgrCs00boJx/eHK4KvVJmEW1e8kO5N+GtsesptA==}
    peerDependencies:
      '@deepseek-ai/cordis': ~4.0.4
      '@deepseek-ai/dsh-llm': 0.1.7-rc.2
      '@deepseek-ai/dsh-session': 0.1.7-rc.2

  '@deepseek-ai/dsh-scope@0.1.7-rc.2':
    resolution: {integrity: sha512-rk/OM5ej6/V8pCNczEqQ3BkKx3DuPeFGzNUsEZo8hF+tnkF/EhsxMWSXC/yP/uLKeNkSsVHzjFpaQR0qr0J3gQ==}
    peerDependencies:
      '@deepseek-ai/cordis': ~4.0.4
      '@deepseek-ai/dsh-invariants': 0.1.7-rc.2

  '@deepseek-ai/dsh-session-projection@0.1.7-rc.2':
    resolution: {integrity: sha512-s5T8oHBEh+GeOTJ+wehD4CGZkTiWgczZZA+NDbfbqUO0k5L+dk0kk3fN+/srAg77rhR7UeeDSR8ZNcpYx/VUdw==}
    peerDependencies:
      '@deepseek-ai/cordis': ~4.0.4
      '@deepseek-ai/dsh-session': 0.1.7-rc.2

  '@deepseek-ai/dsh-session@0.1.7-rc.2':
    resolution: {integrity: sha512-0dXv1t4Zox/yHkZ4PfPNSBWJfIc72PDqOvjz43EMoHpbmoKTVpit2UpUI+yTtX01e4MVBbDMxBZ95oJW/Oydnw==}
    peerDependencies:
      '@deepseek-ai/cordis': ~4.0.4
      '@deepseek-ai/dsh-scope': 0.1.7-rc.2

  '@deepseek-ai/dsh-system-prompt@0.1.7-rc.2':
    resolution: {integrity: sha512-vxKcADh7XOuWJOfa0WeEOhvFiUbMOdoK4w6M7KVCI0S99c9ktxrgY4wKdmAxap+nQjwTEPme3QuOlY3Na+cz9w==}
    peerDependencies:
      '@deepseek-ai/cordis': ~4.0.4
      '@deepseek-ai/dsh-invariants': 0.1.7-rc.2
      '@deepseek-ai/dsh-llm': 0.1.7-rc.2
      '@deepseek-ai/dsh-scope': 0.1.7-rc.2

  '@deepseek-ai/dsh-timeout@0.1.7-rc.2':
    resolution: {integrity: sha512-YunLoLZSF8Ld9eYwyvKoBnxgy3GZrIQpw98HfFS15ZfZlqcFiZcchFhYmStLtUbtX+gjhoeXc8Xz913YbVifNA==}
    peerDependencies:
      '@deepseek-ai/cordis': ~4.0.4

  '@deepseek-ai/dsh-tools@0.1.7-rc.2':
    resolution: {integrity: sha512-c3dTdKnslKxVTgjjPLwMKLqGUMwnZH5P8RUsucMQlWn2GViyFW/+5AIUuZHBjjE6Y7NAYl+lVVE/R4LgTp5KWA==}
    peerDependencies:
      '@deepseek-ai/cordis': ~4.0.4
      '@deepseek-ai/dsh-agent': 0.1.7-rc.2
      '@deepseek-ai/dsh-invariants': 0.1.7-rc.2
      '@deepseek-ai/dsh-llm': 0.1.7-rc.2
      '@deepseek-ai/dsh-ptc-runtime': 0.1.7-rc.2
      '@deepseek-ai/dsh-sandbox': 0.1.7-rc.2
      '@deepseek-ai/dsh-sandbox-policy': 0.1.7-rc.2
      '@deepseek-ai/dsh-scope': 0.1.7-rc.2
      '@deepseek-ai/dsh-session': 0.1.7-rc.2
      '@deepseek-ai/dsh-system-prompt': 0.1.7-rc.2
      '@deepseek-ai/dsh-user-approval': 0.1.7-rc.2

  '@deepseek-ai/dsh-typert-protocol@0.1.7-rc.2':
    resolution: {integrity: sha512-oJm03zqMQlvt16Ejw7VWy3/gqlJGrBCZj3Z4KL8ydLJeeTToKIR49WVCxMbJTlH0F9QFljruLtHguA5B99AeUQ==}
    peerDependencies:
      '@deepseek-ai/cordis': ~4.0.4

  '@deepseek-ai/dsh-user-approval@0.1.7-rc.2':
    resolution: {integrity: sha512-RQ6GB+C4G6VY/eJrFfS89+89DfHFAJ5G1abhmutfKBhZcYSnGNZyPIzpr5mKbl2xNMIhvCJOb9WiFz2fUPW2HA==}
    peerDependencies:
      '@deepseek-ai/cordis': ~4.0.4
      '@deepseek-ai/dsh-agent': 0.1.7-rc.2
      '@deepseek-ai/dsh-brand': 0.1.7-rc.2
      '@deepseek-ai/dsh-invariants': 0.1.7-rc.2
      '@deepseek-ai/dsh-llm': 0.1.7-rc.2
      '@deepseek-ai/dsh-scope': 0.1.7-rc.2
      '@deepseek-ai/dsh-session': 0.1.7-rc.2
      '@deepseek-ai/dsh-system-prompt': 0.1.7-rc.2

  '@deepseek-ai/dsh-util-crypto@0.1.7-rc.2':
    resolution: {integrity: sha512-BGc55/bSj/1LcDTQ5fpok4U24X9SFyN+TB23/hBlbe2TBUKVuwO8+X5FFKKje2MLO8PWYEDkXv/LrV6jRVKZEg==}
    peerDependencies:
      '@deepseek-ai/cordis': ~4.0.4

  '@deepseek-ai/dsh-util-values@0.1.7-rc.2':
    resolution: {integrity: sha512-UX8nh5SbtZcPVVEvjd+9PCPcbybA6OpVzJGgFxYn59ao/7QQGyYbByS8KXr+THU5JtqmDDVb9xGUSJaF2IYmeQ==}
    peerDependencies:
      '@deepseek-ai/cordis': ~4.0.4

  '@deepseek-ai/schemastery@3.18.4':
    resolution: {integrity: sha512-SSXO6tYuyrIqKVbmOnIq0s+riUywYzouFMcnBluHF9n4KMo2G8HvEzhCYj6pj2617/glOjbJuVInJ9hfONsjkg==}

  '@standard-schema/spec@1.1.0':
    resolution: {integrity: sha512-l2aFy5jALhniG5HgqrD6jXLi/rUWrKvqN/qJx6yoJsgKhblVd+iqqU4RCXavm/jPityDo5TCvKMnpjKnOriy0w==}

  '@types/node@22.20.2':
    resolution: {integrity: sha512-xlvWf4Vs9n1PEVYwP1n4vvG07M6y8WgvJ2t0vbrWTmijsIHp1cS+uJ2kMIRdY3nHZK0nCYKrPeD171+SzF4/zw==}

  typescript@5.9.3:
    resolution: {integrity: sha512-jl1vZzPDinLr9eUt3J/t7V6FgNEw9QjvBPdysz9KfQDD41fQrC2Y4vKQdiaUpFT4bXlb1RHhLpp8wtm6M5TgSw==}
    engines: {node: '>=14.17'}
    hasBin: true

  undici-types@6.21.0:
    resolution: {integrity: sha512-iwDZqg0QAGrg9Rav5H4n0M64c3mkR59cJ6wQp+7C4nI0gsmExaedaYLNO44eT4AtBBwjbTiGPMlt2Md0T9H9JQ==}

  zod@4.6.1:
    resolution: {integrity: sha512-341aRWQsve0rvronKNTqZpjmzdbUDlFuzHaI/XLg/Ej82qffDJRRfBTCuv7+9q/rMjB6LSLyEBnW4InJeMtt/Q==}

snapshots:

  '@deepseek-ai/cordis@4.0.4':
    dependencies:
      '@deepseek-ai/cosmokit': 1.8.5
      '@standard-schema/spec': 1.1.0

  '@deepseek-ai/cosmokit@1.8.5': {}

  '@deepseek-ai/dsh-agent@0.1.7-rc.2(60fa28e8b0153eb1629182d877696c60)':
    dependencies:
      '@deepseek-ai/cordis': 4.0.4
      '@deepseek-ai/dsh-invariants': 0.1.7-rc.2(@deepseek-ai/cordis@4.0.4)
      '@deepseek-ai/dsh-llm': 0.1.7-rc.2(@deepseek-ai/cordis@4.0.4)
      '@deepseek-ai/dsh-scope': 0.1.7-rc.2(@deepseek-ai/cordis@4.0.4)(@deepseek-ai/dsh-invariants@0.1.7-rc.2(@deepseek-ai/cordis@4.0.4))
      '@deepseek-ai/dsh-session': 0.1.7-rc.2(@deepseek-ai/cordis@4.0.4)(@deepseek-ai/dsh-scope@0.1.7-rc.2(@deepseek-ai/cordis@4.0.4)(@deepseek-ai/dsh-invariants@0.1.7-rc.2(@deepseek-ai/cordis@4.0.4)))
      '@deepseek-ai/dsh-session-projection': 0.1.7-rc.2(@deepseek-ai/cordis@4.0.4)(@deepseek-ai/dsh-session@0.1.7-rc.2(@deepseek-ai/cordis@4.0.4)(@deepseek-ai/dsh-scope@0.1.7-rc.2(@deepseek-ai/cordis@4.0.4)(@deepseek-ai/dsh-invariants@0.1.7-rc.2(@deepseek-ai/cordis@4.0.4))))
      '@deepseek-ai/dsh-system-prompt': 0.1.7-rc.2(@deepseek-ai/cordis@4.0.4)(@deepseek-ai/dsh-invariants@0.1.7-rc.2(@deepseek-ai/cordis@4.0.4))(@deepseek-ai/dsh-llm@0.1.7-rc.2(@deepseek-ai/cordis@4.0.4))(@deepseek-ai/dsh-scope@0.1.7-rc.2(@deepseek-ai/cordis@4.0.4)(@deepseek-ai/dsh-invariants@0.1.7-rc.2(@deepseek-ai/cordis@4.0.4)))
      '@deepseek-ai/dsh-typert-protocol': 0.1.7-rc.2(@deepseek-ai/cordis@4.0.4)
      '@deepseek-ai/dsh-util-values': 0.1.7-rc.2(@deepseek-ai/cordis@4.0.4)

  '@deepseek-ai/dsh-brand@0.1.7-rc.2(@deepseek-ai/cordis@4.0.4)':
    dependencies:
      '@deepseek-ai/cordis': 4.0.4

  '@deepseek-ai/dsh-invariants@0.1.7-rc.2(@deepseek-ai/cordis@4.0.4)':
    dependencies:
      '@deepseek-ai/cordis': 4.0.4
      '@deepseek-ai/schemastery': 3.18.4

  '@deepseek-ai/dsh-llm@0.1.7-rc.2(@deepseek-ai/cordis@4.0.4)':
    dependencies:
      '@deepseek-ai/cordis': 4.0.4
      '@deepseek-ai/dsh-brand': 0.1.7-rc.2(@deepseek-ai/cordis@4.0.4)
      '@deepseek-ai/dsh-timeout': 0.1.7-rc.2(@deepseek-ai/cordis@4.0.4)
      '@deepseek-ai/dsh-typert-protocol': 0.1.7-rc.2(@deepseek-ai/cordis@4.0.4)
      '@deepseek-ai/dsh-util-crypto': 0.1.7-rc.2(@deepseek-ai/cordis@4.0.4)
      '@deepseek-ai/dsh-util-values': 0.1.7-rc.2(@deepseek-ai/cordis@4.0.4)
      '@deepseek-ai/schemastery': 3.18.4
      zod: 4.6.1

  '@deepseek-ai/dsh-ptc-runtime@0.1.7-rc.2(@deepseek-ai/cordis@4.0.4)(@deepseek-ai/dsh-sandbox@0.1.7-rc.2(@deepseek-ai/cordis@4.0.4)(@deepseek-ai/dsh-llm@0.1.7-rc.2(@deepseek-ai/cordis@4.0.4))(@deepseek-ai/dsh-session@0.1.7-rc.2(@deepseek-ai/cordis@4.0.4)(@deepseek-ai/dsh-scope@0.1.7-rc.2(@deepseek-ai/cordis@4.0.4)(@deepseek-ai/dsh-invariants@0.1.7-rc.2(@deepseek-ai/cordis@4.0.4)))))':
    dependencies:
      '@deepseek-ai/cordis': 4.0.4
      '@deepseek-ai/dsh-sandbox': 0.1.7-rc.2(@deepseek-ai/cordis@4.0.4)(@deepseek-ai/dsh-llm@0.1.7-rc.2(@deepseek-ai/cordis@4.0.4))(@deepseek-ai/dsh-session@0.1.7-rc.2(@deepseek-ai/cordis@4.0.4)(@deepseek-ai/dsh-scope@0.1.7-rc.2(@deepseek-ai/cordis@4.0.4)(@deepseek-ai/dsh-invariants@0.1.7-rc.2(@deepseek-ai/cordis@4.0.4))))

  '@deepseek-ai/dsh-sandbox-policy@0.1.7-rc.2(d5989c988b76beaa5bcdb2605840ee18)':
    dependencies:
      '@deepseek-ai/cordis': 4.0.4
      '@deepseek-ai/dsh-agent': 0.1.7-rc.2(60fa28e8b0153eb1629182d877696c60)
      '@deepseek-ai/dsh-invariants': 0.1.7-rc.2(@deepseek-ai/cordis@4.0.4)
      '@deepseek-ai/dsh-sandbox': 0.1.7-rc.2(@deepseek-ai/cordis@4.0.4)(@deepseek-ai/dsh-llm@0.1.7-rc.2(@deepseek-ai/cordis@4.0.4))(@deepseek-ai/dsh-session@0.1.7-rc.2(@deepseek-ai/cordis@4.0.4)(@deepseek-ai/dsh-scope@0.1.7-rc.2(@deepseek-ai/cordis@4.0.4)(@deepseek-ai/dsh-invariants@0.1.7-rc.2(@deepseek-ai/cordis@4.0.4))))
      '@deepseek-ai/dsh-session': 0.1.7-rc.2(@deepseek-ai/cordis@4.0.4)(@deepseek-ai/dsh-scope@0.1.7-rc.2(@deepseek-ai/cordis@4.0.4)(@deepseek-ai/dsh-invariants@0.1.7-rc.2(@deepseek-ai/cordis@4.0.4)))
      '@deepseek-ai/dsh-session-projection': 0.1.7-rc.2(@deepseek-ai/cordis@4.0.4)(@deepseek-ai/dsh-session@0.1.7-rc.2(@deepseek-ai/cordis@4.0.4)(@deepseek-ai/dsh-scope@0.1.7-rc.2(@deepseek-ai/cordis@4.0.4)(@deepseek-ai/dsh-invariants@0.1.7-rc.2(@deepseek-ai/cordis@4.0.4))))
      '@deepseek-ai/dsh-system-prompt': 0.1.7-rc.2(@deepseek-ai/cordis@4.0.4)(@deepseek-ai/dsh-invariants@0.1.7-rc.2(@deepseek-ai/cordis@4.0.4))(@deepseek-ai/dsh-llm@0.1.7-rc.2(@deepseek-ai/cordis@4.0.4))(@deepseek-ai/dsh-scope@0.1.7-rc.2(@deepseek-ai/cordis@4.0.4)(@deepseek-ai/dsh-invariants@0.1.7-rc.2(@deepseek-ai/cordis@4.0.4)))
      '@deepseek-ai/schemastery': 3.18.4
      zod: 4.6.1

  '@deepseek-ai/dsh-sandbox@0.1.7-rc.2(@deepseek-ai/cordis@4.0.4)(@deepseek-ai/dsh-llm@0.1.7-rc.2(@deepseek-ai/cordis@4.0.4))(@deepseek-ai/dsh-session@0.1.7-rc.2(@deepseek-ai/cordis@4.0.4)(@deepseek-ai/dsh-scope@0.1.7-rc.2(@deepseek-ai/cordis@4.0.4)(@deepseek-ai/dsh-invariants@0.1.7-rc.2(@deepseek-ai/cordis@4.0.4))))':
    dependencies:
      '@deepseek-ai/cordis': 4.0.4
      '@deepseek-ai/dsh-llm': 0.1.7-rc.2(@deepseek-ai/cordis@4.0.4)
      '@deepseek-ai/dsh-session': 0.1.7-rc.2(@deepseek-ai/cordis@4.0.4)(@deepseek-ai/dsh-scope@0.1.7-rc.2(@deepseek-ai/cordis@4.0.4)(@deepseek-ai/dsh-invariants@0.1.7-rc.2(@deepseek-ai/cordis@4.0.4)))
      '@deepseek-ai/dsh-util-values': 0.1.7-rc.2(@deepseek-ai/cordis@4.0.4)

  '@deepseek-ai/dsh-scope@0.1.7-rc.2(@deepseek-ai/cordis@4.0.4)(@deepseek-ai/dsh-invariants@0.1.7-rc.2(@deepseek-ai/cordis@4.0.4))':
    dependencies:
      '@deepseek-ai/cordis': 4.0.4
      '@deepseek-ai/dsh-invariants': 0.1.7-rc.2(@deepseek-ai/cordis@4.0.4)

  '@deepseek-ai/dsh-session-projection@0.1.7-rc.2(@deepseek-ai/cordis@4.0.4)(@deepseek-ai/dsh-session@0.1.7-rc.2(@deepseek-ai/cordis@4.0.4)(@deepseek-ai/dsh-scope@0.1.7-rc.2(@deepseek-ai/cordis@4.0.4)(@deepseek-ai/dsh-invariants@0.1.7-rc.2(@deepseek-ai/cordis@4.0.4))))':
    dependencies:
      '@deepseek-ai/cordis': 4.0.4
      '@deepseek-ai/dsh-session': 0.1.7-rc.2(@deepseek-ai/cordis@4.0.4)(@deepseek-ai/dsh-scope@0.1.7-rc.2(@deepseek-ai/cordis@4.0.4)(@deepseek-ai/dsh-invariants@0.1.7-rc.2(@deepseek-ai/cordis@4.0.4)))
      zod: 4.6.1

  '@deepseek-ai/dsh-session@0.1.7-rc.2(@deepseek-ai/cordis@4.0.4)(@deepseek-ai/dsh-scope@0.1.7-rc.2(@deepseek-ai/cordis@4.0.4)(@deepseek-ai/dsh-invariants@0.1.7-rc.2(@deepseek-ai/cordis@4.0.4)))':
    dependencies:
      '@deepseek-ai/cordis': 4.0.4
      '@deepseek-ai/dsh-brand': 0.1.7-rc.2(@deepseek-ai/cordis@4.0.4)
      '@deepseek-ai/dsh-llm': 0.1.7-rc.2(@deepseek-ai/cordis@4.0.4)
      '@deepseek-ai/dsh-scope': 0.1.7-rc.2(@deepseek-ai/cordis@4.0.4)(@deepseek-ai/dsh-invariants@0.1.7-rc.2(@deepseek-ai/cordis@4.0.4))
      '@deepseek-ai/dsh-util-values': 0.1.7-rc.2(@deepseek-ai/cordis@4.0.4)

  '@deepseek-ai/dsh-system-prompt@0.1.7-rc.2(@deepseek-ai/cordis@4.0.4)(@deepseek-ai/dsh-invariants@0.1.7-rc.2(@deepseek-ai/cordis@4.0.4))(@deepseek-ai/dsh-llm@0.1.7-rc.2(@deepseek-ai/cordis@4.0.4))(@deepseek-ai/dsh-scope@0.1.7-rc.2(@deepseek-ai/cordis@4.0.4)(@deepseek-ai/dsh-invariants@0.1.7-rc.2(@deepseek-ai/cordis@4.0.4)))':
    dependencies:
      '@deepseek-ai/cordis': 4.0.4
      '@deepseek-ai/dsh-invariants': 0.1.7-rc.2(@deepseek-ai/cordis@4.0.4)
      '@deepseek-ai/dsh-llm': 0.1.7-rc.2(@deepseek-ai/cordis@4.0.4)
      '@deepseek-ai/dsh-scope': 0.1.7-rc.2(@deepseek-ai/cordis@4.0.4)(@deepseek-ai/dsh-invariants@0.1.7-rc.2(@deepseek-ai/cordis@4.0.4))
      '@deepseek-ai/schemastery': 3.18.4

  '@deepseek-ai/dsh-timeout@0.1.7-rc.2(@deepseek-ai/cordis@4.0.4)':
    dependencies:
      '@deepseek-ai/cordis': 4.0.4

  '@deepseek-ai/dsh-tools@0.1.7-rc.2(ead59e2384682bf741eae1c9eaa56bcd)':
    dependencies:
      '@deepseek-ai/cordis': 4.0.4
      '@deepseek-ai/dsh-agent': 0.1.7-rc.2(60fa28e8b0153eb1629182d877696c60)
      '@deepseek-ai/dsh-brand': 0.1.7-rc.2(@deepseek-ai/cordis@4.0.4)
      '@deepseek-ai/dsh-invariants': 0.1.7-rc.2(@deepseek-ai/cordis@4.0.4)
      '@deepseek-ai/dsh-llm': 0.1.7-rc.2(@deepseek-ai/cordis@4.0.4)
      '@deepseek-ai/dsh-ptc-runtime': 0.1.7-rc.2(@deepseek-ai/cordis@4.0.4)(@deepseek-ai/dsh-sandbox@0.1.7-rc.2(@deepseek-ai/cordis@4.0.4)(@deepseek-ai/dsh-llm@0.1.7-rc.2(@deepseek-ai/cordis@4.0.4))(@deepseek-ai/dsh-session@0.1.7-rc.2(@deepseek-ai/cordis@4.0.4)(@deepseek-ai/dsh-scope@0.1.7-rc.2(@deepseek-ai/cordis@4.0.4)(@deepseek-ai/dsh-invariants@0.1.7-rc.2(@deepseek-ai/cordis@4.0.4)))))
      '@deepseek-ai/dsh-sandbox': 0.1.7-rc.2(@deepseek-ai/cordis@4.0.4)(@deepseek-ai/dsh-llm@0.1.7-rc.2(@deepseek-ai/cordis@4.0.4))(@deepseek-ai/dsh-session@0.1.7-rc.2(@deepseek-ai/cordis@4.0.4)(@deepseek-ai/dsh-scope@0.1.7-rc.2(@deepseek-ai/cordis@4.0.4)(@deepseek-ai/dsh-invariants@0.1.7-rc.2(@deepseek-ai/cordis@4.0.4))))
      '@deepseek-ai/dsh-sandbox-policy': 0.1.7-rc.2(d5989c988b76beaa5bcdb2605840ee18)
      '@deepseek-ai/dsh-scope': 0.1.7-rc.2(@deepseek-ai/cordis@4.0.4)(@deepseek-ai/dsh-invariants@0.1.7-rc.2(@deepseek-ai/cordis@4.0.4))
      '@deepseek-ai/dsh-session': 0.1.7-rc.2(@deepseek-ai/cordis@4.0.4)(@deepseek-ai/dsh-scope@0.1.7-rc.2(@deepseek-ai/cordis@4.0.4)(@deepseek-ai/dsh-invariants@0.1.7-rc.2(@deepseek-ai/cordis@4.0.4)))
      '@deepseek-ai/dsh-system-prompt': 0.1.7-rc.2(@deepseek-ai/cordis@4.0.4)(@deepseek-ai/dsh-invariants@0.1.7-rc.2(@deepseek-ai/cordis@4.0.4))(@deepseek-ai/dsh-llm@0.1.7-rc.2(@deepseek-ai/cordis@4.0.4))(@deepseek-ai/dsh-scope@0.1.7-rc.2(@deepseek-ai/cordis@4.0.4)(@deepseek-ai/dsh-invariants@0.1.7-rc.2(@deepseek-ai/cordis@4.0.4)))
      '@deepseek-ai/dsh-user-approval': 0.1.7-rc.2(@deepseek-ai/cordis@4.0.4)(@deepseek-ai/dsh-agent@0.1.7-rc.2(60fa28e8b0153eb1629182d877696c60))(@deepseek-ai/dsh-brand@0.1.7-rc.2(@deepseek-ai/cordis@4.0.4))(@deepseek-ai/dsh-invariants@0.1.7-rc.2(@deepseek-ai/cordis@4.0.4))(@deepseek-ai/dsh-llm@0.1.7-rc.2(@deepseek-ai/cordis@4.0.4))(@deepseek-ai/dsh-scope@0.1.7-rc.2(@deepseek-ai/cordis@4.0.4)(@deepseek-ai/dsh-invariants@0.1.7-rc.2(@deepseek-ai/cordis@4.0.4)))(@deepseek-ai/dsh-session@0.1.7-rc.2(@deepseek-ai/cordis@4.0.4)(@deepseek-ai/dsh-scope@0.1.7-rc.2(@deepseek-ai/cordis@4.0.4)(@deepseek-ai/dsh-invariants@0.1.7-rc.2(@deepseek-ai/cordis@4.0.4))))(@deepseek-ai/dsh-system-prompt@0.1.7-rc.2(@deepseek-ai/cordis@4.0.4)(@deepseek-ai/dsh-invariants@0.1.7-rc.2(@deepseek-ai/cordis@4.0.4))(@deepseek-ai/dsh-llm@0.1.7-rc.2(@deepseek-ai/cordis@4.0.4))(@deepseek-ai/dsh-scope@0.1.7-rc.2(@deepseek-ai/cordis@4.0.4)(@deepseek-ai/dsh-invariants@0.1.7-rc.2(@deepseek-ai/cordis@4.0.4))))
      '@deepseek-ai/dsh-util-values': 0.1.7-rc.2(@deepseek-ai/cordis@4.0.4)
      '@deepseek-ai/schemastery': 3.18.4

  '@deepseek-ai/dsh-typert-protocol@0.1.7-rc.2(@deepseek-ai/cordis@4.0.4)':
    dependencies:
      '@deepseek-ai/cordis': 4.0.4
      '@deepseek-ai/dsh-brand': 0.1.7-rc.2(@deepseek-ai/cordis@4.0.4)

  '@deepseek-ai/dsh-user-approval@0.1.7-rc.2(@deepseek-ai/cordis@4.0.4)(@deepseek-ai/dsh-agent@0.1.7-rc.2(60fa28e8b0153eb1629182d877696c60))(@deepseek-ai/dsh-brand@0.1.7-rc.2(@deepseek-ai/cordis@4.0.4))(@deepseek-ai/dsh-invariants@0.1.7-rc.2(@deepseek-ai/cordis@4.0.4))(@deepseek-ai/dsh-llm@0.1.7-rc.2(@deepseek-ai/cordis@4.0.4))(@deepseek-ai/dsh-scope@0.1.7-rc.2(@deepseek-ai/cordis@4.0.4)(@deepseek-ai/dsh-invariants@0.1.7-rc.2(@deepseek-ai/cordis@4.0.4)))(@deepseek-ai/dsh-session@0.1.7-rc.2(@deepseek-ai/cordis@4.0.4)(@deepseek-ai/dsh-scope@0.1.7-rc.2(@deepseek-ai/cordis@4.0.4)(@deepseek-ai/dsh-invariants@0.1.7-rc.2(@deepseek-ai/cordis@4.0.4))))(@deepseek-ai/dsh-system-prompt@0.1.7-rc.2(@deepseek-ai/cordis@4.0.4)(@deepseek-ai/dsh-invariants@0.1.7-rc.2(@deepseek-ai/cordis@4.0.4))(@deepseek-ai/dsh-llm@0.1.7-rc.2(@deepseek-ai/cordis@4.0.4))(@deepseek-ai/dsh-scope@0.1.7-rc.2(@deepseek-ai/cordis@4.0.4)(@deepseek-ai/dsh-invariants@0.1.7-rc.2(@deepseek-ai/cordis@4.0.4))))':
    dependencies:
      '@deepseek-ai/cordis': 4.0.4
      '@deepseek-ai/dsh-agent': 0.1.7-rc.2(60fa28e8b0153eb1629182d877696c60)
      '@deepseek-ai/dsh-brand': 0.1.7-rc.2(@deepseek-ai/cordis@4.0.4)
      '@deepseek-ai/dsh-invariants': 0.1.7-rc.2(@deepseek-ai/cordis@4.0.4)
      '@deepseek-ai/dsh-llm': 0.1.7-rc.2(@deepseek-ai/cordis@4.0.4)
      '@deepseek-ai/dsh-scope': 0.1.7-rc.2(@deepseek-ai/cordis@4.0.4)(@deepseek-ai/dsh-invariants@0.1.7-rc.2(@deepseek-ai/cordis@4.0.4))
      '@deepseek-ai/dsh-session': 0.1.7-rc.2(@deepseek-ai/cordis@4.0.4)(@deepseek-ai/dsh-scope@0.1.7-rc.2(@deepseek-ai/cordis@4.0.4)(@deepseek-ai/dsh-invariants@0.1.7-rc.2(@deepseek-ai/cordis@4.0.4)))
      '@deepseek-ai/dsh-system-prompt': 0.1.7-rc.2(@deepseek-ai/cordis@4.0.4)(@deepseek-ai/dsh-invariants@0.1.7-rc.2(@deepseek-ai/cordis@4.0.4))(@deepseek-ai/dsh-llm@0.1.7-rc.2(@deepseek-ai/cordis@4.0.4))(@deepseek-ai/dsh-scope@0.1.7-rc.2(@deepseek-ai/cordis@4.0.4)(@deepseek-ai/dsh-invariants@0.1.7-rc.2(@deepseek-ai/cordis@4.0.4)))
      '@deepseek-ai/schemastery': 3.18.4

  '@deepseek-ai/dsh-util-crypto@0.1.7-rc.2(@deepseek-ai/cordis@4.0.4)':
    dependencies:
      '@deepseek-ai/cordis': 4.0.4

  '@deepseek-ai/dsh-util-values@0.1.7-rc.2(@deepseek-ai/cordis@4.0.4)':
    dependencies:
      '@deepseek-ai/cordis': 4.0.4

  '@deepseek-ai/schemastery@3.18.4':
    dependencies:
      '@deepseek-ai/cosmokit': 1.8.5
      '@standard-schema/spec': 1.1.0

  '@standard-schema/spec@1.1.0': {}

  '@types/node@22.20.2':
    dependencies:
      undici-types: 6.21.0

  typescript@5.9.3: {}

  undici-types@6.21.0: {}

  zod@4.6.1: {}
